
Microsoft Visual Studio Solution File, Format Version 12.00
# Visual Studio 15
VisualStudioVersion = 15.0.28307.136
MinimumVisualStudioVersion = 10.0.40219.1
Project("{9A19103F-16F7-4668-BE54-9A1E7A4F7556}") = "EDGM", "EDGM.csproj", "{5917A9DD-8792-43B8-B82B-911170AF83E3}"
EndProject
Global
	GlobalSection(SolutionConfigurationPlatforms) = preSolution
		Debug|Any CPU = Debug|Any CPU
		Release|Any CPU = Release|Any CPU
	EndGlobalSection
	GlobalSection(ProjectConfigurationPlatforms) = postSolution
		{5917A9DD-8792-43B8-B82B-911170AF83E3}.Debug|Any CPU.ActiveCfg = Debug|Any CPU
		{5917A9DD-8792-43B8-B82B-911170AF83E3}.Debug|Any CPU.Build.0 = Debug|Any CPU
		{5917A9DD-8792-43B8-B82B-911170AF83E3}.Release|Any CPU.ActiveCfg = Release|Any CPU
		{5917A9DD-8792-43B8-B82B-911170AF83E3}.Release|Any CPU.Build.0 = Release|Any CPU
	EndGlobalSection
	GlobalSection(SolutionProperties) = preSolution
		HideSolutionNode = FALSE
	EndGlobalSection
	GlobalSection(ExtensibilityGlobals) = postSolution
		SolutionGuid = {9403C6D8-621D-4669-ACFB-DF899F7D59B6}
	EndGlobalSection
EndGlobal
